// !$*UTF8*$!
{
	archiveVersion = 1;
	classes = {
	};
	objectVersion = 56;
	objects = {

/* Begin PBXBuildFile section */
		E492857B2B3C50FA00806270 /* AppDelegate.swift in Sources */ = {isa = PBXBuildFile; fileRef = E492857A2B3C50FA00806270 /* AppDelegate.swift */; };
		E492857D2B3C50FA00806270 /* SceneDelegate.swift in Sources */ = {isa = PBXBuildFile; fileRef = E492857C2B3C50FA00806270 /* SceneDelegate.swift */; };
		E49285822B3C50FA00806270 /* Main.storyboard in Resources */ = {isa = PBXBuildFile; fileRef = E49285802B3C50FA00806270 /* Main.storyboard */; };
		E49285842B3C50FD00806270 /* Assets.xcassets in Resources */ = {isa = PBXBuildFile; fileRef = E49285832B3C50FD00806270 /* Assets.xcassets */; };
		E49285872B3C50FD00806270 /* LaunchScreen.storyboard in Resources */ = {isa = PBXBuildFile; fileRef = E49285852B3C50FD00806270 /* LaunchScreen.storyboard */; };
		E49285922B3C50FD00806270 /* MVVMDemoTests.swift in Sources */ = {isa = PBXBuildFile; fileRef = E49285912B3C50FD00806270 /* MVVMDemoTests.swift */; };
		E49285BA2B3C523500806270 /* NyTimeArticlesViewModel.swift in Sources */ = {isa = PBXBuildFile; fileRef = E49285AD2B3C523500806270 /* NyTimeArticlesViewModel.swift */; };
		E49285BB2B3C523500806270 /* NyTimesMostPopularArticlesList.swift in Sources */ = {isa = PBXBuildFile; fileRef = E49285AF2B3C523500806270 /* NyTimesMostPopularArticlesList.swift */; };
		E49285BC2B3C523500806270 /* ArticlesResult.swift in Sources */ = {isa = PBXBuildFile; fileRef = E49285B12B3C523500806270 /* ArticlesResult.swift */; };
		E49285BD2B3C523500806270 /* MostPopularArticles.swift in Sources */ = {isa = PBXBuildFile; fileRef = E49285B22B3C523500806270 /* MostPopularArticles.swift */; };
		E49285BE2B3C523500806270 /* ArticlesMedia.swift in Sources */ = {isa = PBXBuildFile; fileRef = E49285B32B3C523500806270 /* ArticlesMedia.swift */; };
		E49285BF2B3C523500806270 /* ArticlesMediaMetadatum.swift in Sources */ = {isa = PBXBuildFile; fileRef = E49285B42B3C523500806270 /* ArticlesMediaMetadatum.swift */; };
		E49285C02B3C523500806270 /* NyTimesMostPopularArticlesTableViewCell.xib in Resources */ = {isa = PBXBuildFile; fileRef = E49285B62B3C523500806270 /* NyTimesMostPopularArticlesTableViewCell.xib */; };
		E49285C12B3C523500806270 /* NyTimesMostPopularArticlesTableViewCell.swift in Sources */ = {isa = PBXBuildFile; fileRef = E49285B72B3C523500806270 /* NyTimesMostPopularArticlesTableViewCell.swift */; };
		E49285C22B3C523500806270 /* NyArticlesListRouter.swift in Sources */ = {isa = PBXBuildFile; fileRef = E49285B92B3C523500806270 /* NyArticlesListRouter.swift */; };
		E49285CB2B3C523B00806270 /* UIView.swift in Sources */ = {isa = PBXBuildFile; fileRef = E49285C52B3C523B00806270 /* UIView.swift */; };
		E49285CC2B3C523B00806270 /* UIViewController+Extension.swift in Sources */ = {isa = PBXBuildFile; fileRef = E49285C62B3C523B00806270 /* UIViewController+Extension.swift */; };
		E49285CD2B3C523B00806270 /* Constants.swift in Sources */ = {isa = PBXBuildFile; fileRef = E49285C82B3C523B00806270 /* Constants.swift */; };
		E49285CE2B3C523B00806270 /* APIService.swift in Sources */ = {isa = PBXBuildFile; fileRef = E49285CA2B3C523B00806270 /* APIService.swift */; };
		E49285D12B3C52AF00806270 /* SDWebImage in Frameworks */ = {isa = PBXBuildFile; productRef = E49285D02B3C52AF00806270 /* SDWebImage */; };
		E49285D42B3C531900806270 /* SDWebImage in Frameworks */ = {isa = PBXBuildFile; productRef = E49285D32B3C531900806270 /* SDWebImage */; };
		E49285DB2B3C537F00806270 /* NYTimesMostPopularArticlesDetails.swift in Sources */ = {isa = PBXBuildFile; fileRef = E49285D82B3C537F00806270 /* NYTimesMostPopularArticlesDetails.swift */; };
/* End PBXBuildFile section */

/* Begin PBXContainerItemProxy section */
		E492858E2B3C50FD00806270 /* PBXContainerItemProxy */ = {
			isa = PBXContainerItemProxy;
			containerPortal = E492856F2B3C50FA00806270 /* Project object */;
			proxyType = 1;
			remoteGlobalIDString = E49285762B3C50FA00806270;
			remoteInfo = MVVMDemo;
		};
/* End PBXContainerItemProxy section */

/* Begin PBXFileReference section */
		E49285772B3C50FA00806270 /* MVVMDemo.app */ = {isa = PBXFileReference; explicitFileType = wrapper.application; includeInIndex = 0; path = MVVMDemo.app; sourceTree = BUILT_PRODUCTS_DIR; };
		E492857A2B3C50FA00806270 /* AppDelegate.swift */ = {isa = PBXFileReference; lastKnownFileType = sourcecode.swift; path = AppDelegate.swift; sourceTree = "<group>"; };
		E492857C2B3C50FA00806270 /* SceneDelegate.swift */ = {isa = PBXFileReference; lastKnownFileType = sourcecode.swift; path = SceneDelegate.swift; sourceTree = "<group>"; };
		E49285812B3C50FA00806270 /* Base */ = {isa = PBXFileReference; lastKnownFileType = file.storyboard; name = Base; path = Base.lproj/Main.storyboard; sourceTree = "<group>"; };
		E49285832B3C50FD00806270 /* Assets.xcassets */ = {isa = PBXFileReference; lastKnownFileType = folder.assetcatalog; path = Assets.xcassets; sourceTree = "<group>"; };
		E49285862B3C50FD00806270 /* Base */ = {isa = PBXFileReference; lastKnownFileType = file.storyboard; name = Base; path = Base.lproj/LaunchScreen.storyboard; sourceTree = "<group>"; };
		E49285882B3C50FD00806270 /* Info.plist */ = {isa = PBXFileReference; lastKnownFileType = text.plist.xml; path = Info.plist; sourceTree = "<group>"; };
		E492858D2B3C50FD00806270 /* MVVMDemoTests.xctest */ = {isa = PBXFileReference; explicitFileType = wrapper.cfbundle; includeInIndex = 0; path = MVVMDemoTests.xctest; sourceTree = BUILT_PRODUCTS_DIR; };
		E49285912B3C50FD00806270 /* MVVMDemoTests.swift */ = {isa = PBXFileReference; lastKnownFileType = sourcecode.swift; path = MVVMDemoTests.swift; sourceTree = "<group>"; };
		E49285AD2B3C523500806270 /* NyTimeArticlesViewModel.swift */ = {isa = PBXFileReference; fileEncoding = 4; lastKnownFileType = sourcecode.swift; path = NyTimeArticlesViewModel.swift; sourceTree = "<group>"; };
		E49285AF2B3C523500806270 /* NyTimesMostPopularArticlesList.swift */ = {isa = PBXFileReference; fileEncoding = 4; lastKnownFileType = sourcecode.swift; path = NyTimesMostPopularArticlesList.swift; sourceTree = "<group>"; };
		E49285B12B3C523500806270 /* ArticlesResult.swift */ = {isa = PBXFileReference; fileEncoding = 4; lastKnownFileType = sourcecode.swift; path = ArticlesResult.swift; sourceTree = "<group>"; };
		E49285B22B3C523500806270 /* MostPopularArticles.swift */ = {isa = PBXFileReference; fileEncoding = 4; lastKnownFileType = sourcecode.swift; path = MostPopularArticles.swift; sourceTree = "<group>"; };
		E49285B32B3C523500806270 /* ArticlesMedia.swift */ = {isa = PBXFileReference; fileEncoding = 4; lastKnownFileType = sourcecode.swift; path = ArticlesMedia.swift; sourceTree = "<group>"; };
		E49285B42B3C523500806270 /* ArticlesMediaMetadatum.swift */ = {isa = PBXFileReference; fileEncoding = 4; lastKnownFileType = sourcecode.swift; path = ArticlesMediaMetadatum.swift; sourceTree = "<group>"; };
		E49285B62B3C523500806270 /* NyTimesMostPopularArticlesTableViewCell.xib */ = {isa = PBXFileReference; fileEncoding = 4; lastKnownFileType = file.xib; path = NyTimesMostPopularArticlesTableViewCell.xib; sourceTree = "<group>"; };
		E49285B72B3C523500806270 /* NyTimesMostPopularArticlesTableViewCell.swift */ = {isa = PBXFileReference; fileEncoding = 4; lastKnownFileType = sourcecode.swift; path = NyTimesMostPopularArticlesTableViewCell.swift; sourceTree = "<group>"; };
		E49285B92B3C523500806270 /* NyArticlesListRouter.swift */ = {isa = PBXFileReference; fileEncoding = 4; lastKnownFileType = sourcecode.swift; path = NyArticlesListRouter.swift; sourceTree = "<group>"; };
		E49285C52B3C523B00806270 /* UIView.swift */ = {isa = PBXFileReference; fileEncoding = 4; lastKnownFileType = sourcecode.swift; path = UIView.swift; sourceTree = "<group>"; };
		E49285C62B3C523B00806270 /* UIViewController+Extension.swift */ = {isa = PBXFileReference; fileEncoding = 4; lastKnownFileType = sourcecode.swift; path = "UIViewController+Extension.swift"; sourceTree = "<group>"; };
		E49285C82B3C523B00806270 /* Constants.swift */ = {isa = PBXFileReference; fileEncoding = 4; lastKnownFileType = sourcecode.swift; path = Constants.swift; sourceTree = "<group>"; };
		E49285CA2B3C523B00806270 /* APIService.swift */ = {isa = PBXFileReference; fileEncoding = 4; lastKnownFileType = sourcecode.swift; path = APIService.swift; sourceTree = "<group>"; };
		E49285D82B3C537F00806270 /* NYTimesMostPopularArticlesDetails.swift */ = {isa = PBXFileReference; fileEncoding = 4; lastKnownFileType = sourcecode.swift; path = NYTimesMostPopularArticlesDetails.swift; sourceTree = "<group>"; };
/* End PBXFileReference section */

/* Begin PBXFrameworksBuildPhase section */
		E49285742B3C50FA00806270 /* Frameworks */ = {
			isa = PBXFrameworksBuildPhase;
			buildActionMask = 2147483647;
			files = (
				E49285D12B3C52AF00806270 /* SDWebImage in Frameworks */,
			);
			runOnlyForDeploymentPostprocessing = 0;
		};
		E492858A2B3C50FD00806270 /* Frameworks */ = {
			isa = PBXFrameworksBuildPhase;
			buildActionMask = 2147483647;
			files = (
				E49285D42B3C531900806270 /* SDWebImage in Frameworks */,
			);
			runOnlyForDeploymentPostprocessing = 0;
		};
/* End PBXFrameworksBuildPhase section */

/* Begin PBXGroup section */
		E492856E2B3C50FA00806270 = {
			isa = PBXGroup;
			children = (
				E49285792B3C50FA00806270 /* MVVMDemo */,
				E49285902B3C50FD00806270 /* MVVMDemoTests */,
				E49285782B3C50FA00806270 /* Products */,
				E49285D22B3C531900806270 /* Frameworks */,
			);
			sourceTree = "<group>";
		};
		E49285782B3C50FA00806270 /* Products */ = {
			isa = PBXGroup;
			children = (
				E49285772B3C50FA00806270 /* MVVMDemo.app */,
				E492858D2B3C50FD00806270 /* MVVMDemoTests.xctest */,
			);
			name = Products;
			sourceTree = "<group>";
		};
		E49285792B3C50FA00806270 /* MVVMDemo */ = {
			isa = PBXGroup;
			children = (
				E492857A2B3C50FA00806270 /* AppDelegate.swift */,
				E492857C2B3C50FA00806270 /* SceneDelegate.swift */,
				E49285C32B3C523B00806270 /* Utility */,
				E49285AA2B3C523500806270 /* Application */,
				E49285802B3C50FA00806270 /* Main.storyboard */,
				E49285832B3C50FD00806270 /* Assets.xcassets */,
				E49285852B3C50FD00806270 /* LaunchScreen.storyboard */,
				E49285882B3C50FD00806270 /* Info.plist */,
			);
			path = MVVMDemo;
			sourceTree = "<group>";
		};
		E49285902B3C50FD00806270 /* MVVMDemoTests */ = {
			isa = PBXGroup;
			children = (
				E49285912B3C50FD00806270 /* MVVMDemoTests.swift */,
			);
			path = MVVMDemoTests;
			sourceTree = "<group>";
		};
		E49285AA2B3C523500806270 /* Application */ = {
			isa = PBXGroup;
			children = (
				E49285AB2B3C523500806270 /* NYTimesMostPopularArticlesList */,
				E49285D52B3C537F00806270 /* NYTimesMostPopularArticlesDetails */,
			);
			path = Application;
			sourceTree = "<group>";
		};
		E49285AB2B3C523500806270 /* NYTimesMostPopularArticlesList */ = {
			isa = PBXGroup;
			children = (
				E49285AE2B3C523500806270 /* Controller */,
				E49285B82B3C523500806270 /* Router */,
				E49285B02B3C523500806270 /* Model */,
				E49285B52B3C523500806270 /* View */,
				E49285AC2B3C523500806270 /* ViewModel */,
			);
			path = NYTimesMostPopularArticlesList;
			sourceTree = "<group>";
		};
		E49285AC2B3C523500806270 /* ViewModel */ = {
			isa = PBXGroup;
			children = (
				E49285AD2B3C523500806270 /* NyTimeArticlesViewModel.swift */,
			);
			path = ViewModel;
			sourceTree = "<group>";
		};
		E49285AE2B3C523500806270 /* Controller */ = {
			isa = PBXGroup;
			children = (
				E49285AF2B3C523500806270 /* NyTimesMostPopularArticlesList.swift */,
			);
			path = Controller;
			sourceTree = "<group>";
		};
		E49285B02B3C523500806270 /* Model */ = {
			isa = PBXGroup;
			children = (
				E49285B12B3C523500806270 /* ArticlesResult.swift */,
				E49285B22B3C523500806270 /* MostPopularArticles.swift */,
				E49285B32B3C523500806270 /* ArticlesMedia.swift */,
				E49285B42B3C523500806270 /* ArticlesMediaMetadatum.swift */,
			);
			path = Model;
			sourceTree = "<group>";
		};
		E49285B52B3C523500806270 /* View */ = {
			isa = PBXGroup;
			children = (
				E49285B62B3C523500806270 /* NyTimesMostPopularArticlesTableViewCell.xib */,
				E49285B72B3C523500806270 /* NyTimesMostPopularArticlesTableViewCell.swift */,
			);
			path = View;
			sourceTree = "<group>";
		};
		E49285B82B3C523500806270 /* Router */ = {
			isa = PBXGroup;
			children = (
				E49285B92B3C523500806270 /* NyArticlesListRouter.swift */,
			);
			path = Router;
			sourceTree = "<group>";
		};
		E49285C32B3C523B00806270 /* Utility */ = {
			isa = PBXGroup;
			children = (
				E49285C72B3C523B00806270 /* Constant */,
				E49285C42B3C523B00806270 /* Extension */,
				E49285C92B3C523B00806270 /* APIService */,
			);
			path = Utility;
			sourceTree = "<group>";
		};
		E49285C42B3C523B00806270 /* Extension */ = {
			isa = PBXGroup;
			children = (
				E49285C52B3C523B00806270 /* UIView.swift */,
				E49285C62B3C523B00806270 /* UIViewController+Extension.swift */,
			);
			path = Extension;
			sourceTree = "<group>";
		};
		E49285C72B3C523B00806270 /* Constant */ = {
			isa = PBXGroup;
			children = (
				E49285C82B3C523B00806270 /* Constants.swift */,
			);
			path = Constant;
			sourceTree = "<group>";
		};
		E49285C92B3C523B00806270 /* APIService */ = {
			isa = PBXGroup;
			children = (
				E49285CA2B3C523B00806270 /* APIService.swift */,
			);
			path = APIService;
			sourceTree = "<group>";
		};
		E49285D22B3C531900806270 /* Frameworks */ = {
			isa = PBXGroup;
			children = (
			);
			name = Frameworks;
			sourceTree = "<group>";
		};
		E49285D52B3C537F00806270 /* NYTimesMostPopularArticlesDetails */ = {
			isa = PBXGroup;
			children = (
				E49285D72B3C537F00806270 /* Controller */,
				E49285D92B3C537F00806270 /* Model */,
				E49285DA2B3C537F00806270 /* View */,
				E49285D62B3C537F00806270 /* ViewModel */,
			);
			path = NYTimesMostPopularArticlesDetails;
			sourceTree = "<group>";
		};
		E49285D62B3C537F00806270 /* ViewModel */ = {
			isa = PBXGroup;
			children = (
			);
			path = ViewModel;
			sourceTree = "<group>";
		};
		E49285D72B3C537F00806270 /* Controller */ = {
			isa = PBXGroup;
			children = (
				E49285D82B3C537F00806270 /* NYTimesMostPopularArticlesDetails.swift */,
			);
			path = Controller;
			sourceTree = "<group>";
		};
		E49285D92B3C537F00806270 /* Model */ = {
			isa = PBXGroup;
			children = (
			);
			path = Model;
			sourceTree = "<group>";
		};
		E49285DA2B3C537F00806270 /* View */ = {
			isa = PBXGroup;
			children = (
			);
			path = View;
			sourceTree = "<group>";
		};
/* End PBXGroup section */

/* Begin PBXNativeTarget section */
		E49285762B3C50FA00806270 /* MVVMDemo */ = {
			isa = PBXNativeTarget;
			buildConfigurationList = E49285A12B3C50FD00806270 /* Build configuration list for PBXNativeTarget "MVVMDemo" */;
			buildPhases = (
				E49285732B3C50FA00806270 /* Sources */,
				E49285742B3C50FA00806270 /* Frameworks */,
				E49285752B3C50FA00806270 /* Resources */,
			);
			buildRules = (
			);
			dependencies = (
			);
			name = MVVMDemo;
			packageProductDependencies = (
				E49285D02B3C52AF00806270 /* SDWebImage */,
			);
			productName = MVVMDemo;
			productReference = E49285772B3C50FA00806270 /* MVVMDemo.app */;
			productType = "com.apple.product-type.application";
		};
		E492858C2B3C50FD00806270 /* MVVMDemoTests */ = {
			isa = PBXNativeTarget;
			buildConfigurationList = E49285A42B3C50FD00806270 /* Build configuration list for PBXNativeTarget "MVVMDemoTests" */;
			buildPhases = (
				E49285892B3C50FD00806270 /* Sources */,
				E492858A2B3C50FD00806270 /* Frameworks */,
				E492858B2B3C50FD00806270 /* Resources */,
			);
			buildRules = (
			);
			dependencies = (
				E492858F2B3C50FD00806270 /* PBXTargetDependency */,
			);
			name = MVVMDemoTests;
			packageProductDependencies = (
				E49285D32B3C531900806270 /* SDWebImage */,
			);
			productName = MVVMDemoTests;
			productReference = E492858D2B3C50FD00806270 /* MVVMDemoTests.xctest */;
			productType = "com.apple.product-type.bundle.unit-test";
		};
/* End PBXNativeTarget section */

/* Begin PBXProject section */
		E492856F2B3C50FA00806270 /* Project object */ = {
			isa = PBXProject;
			attributes = {
				BuildIndependentTargetsInParallel = 1;
				LastSwiftUpdateCheck = 1410;
				LastUpgradeCheck = 1410;
				TargetAttributes = {
					E49285762B3C50FA00806270 = {
						CreatedOnToolsVersion = 14.1;
					};
					E492858C2B3C50FD00806270 = {
						CreatedOnToolsVersion = 14.1;
						TestTargetID = E49285762B3C50FA00806270;
					};
				};
			};
			buildConfigurationList = E49285722B3C50FA00806270 /* Build configuration list for PBXProject "MVVMDemo" */;
			compatibilityVersion = "Xcode 14.0";
			developmentRegion = en;
			hasScannedForEncodings = 0;
			knownRegions = (
				en,
				Base,
			);
			mainGroup = E492856E2B3C50FA00806270;
			packageReferences = (
				E49285CF2B3C52AF00806270 /* XCRemoteSwiftPackageReference "SDWebImage" */,
			);
			productRefGroup = E49285782B3C50FA00806270 /* Products */;
			projectDirPath = "";
			projectRoot = "";
			targets = (
				E49285762B3C50FA00806270 /* MVVMDemo */,
				E492858C2B3C50FD00806270 /* MVVMDemoTests */,
			);
		};
/* End PBXProject section */

/* Begin PBXResourcesBuildPhase section */
		E49285752B3C50FA00806270 /* Resources */ = {
			isa = PBXResourcesBuildPhase;
			buildActionMask = 2147483647;
			files = (
				E49285872B3C50FD00806270 /* LaunchScreen.storyboard in Resources */,
				E49285C02B3C523500806270 /* NyTimesMostPopularArticlesTableViewCell.xib in Resources */,
				E49285842B3C50FD00806270 /* Assets.xcassets in Resources */,
				E49285822B3C50FA00806270 /* Main.storyboard in Resources */,
			);
			runOnlyForDeploymentPostprocessing = 0;
		};
		E492858B2B3C50FD00806270 /* Resources */ = {
			isa = PBXResourcesBuildPhase;
			buildActionMask = 2147483647;
			files = (
			);
			runOnlyForDeploymentPostprocessing = 0;
		};
/* End PBXResourcesBuildPhase section */

/* Begin PBXSourcesBuildPhase section */
		E49285732B3C50FA00806270 /* Sources */ = {
			isa = PBXSourcesBuildPhase;
			buildActionMask = 2147483647;
			files = (
				E49285CC2B3C523B00806270 /* UIViewController+Extension.swift in Sources */,
				E49285BF2B3C523500806270 /* ArticlesMediaMetadatum.swift in Sources */,
				E49285BC2B3C523500806270 /* ArticlesResult.swift in Sources */,
				E49285CB2B3C523B00806270 /* UIView.swift in Sources */,
				E49285BE2B3C523500806270 /* ArticlesMedia.swift in Sources */,
				E492857B2B3C50FA00806270 /* AppDelegate.swift in Sources */,
				E49285C22B3C523500806270 /* NyArticlesListRouter.swift in Sources */,
				E49285CD2B3C523B00806270 /* Constants.swift in Sources */,
				E49285CE2B3C523B00806270 /* APIService.swift in Sources */,
				E49285BB2B3C523500806270 /* NyTimesMostPopularArticlesList.swift in Sources */,
				E49285DB2B3C537F00806270 /* NYTimesMostPopularArticlesDetails.swift in Sources */,
				E49285BA2B3C523500806270 /* NyTimeArticlesViewModel.swift in Sources */,
				E492857D2B3C50FA00806270 /* SceneDelegate.swift in Sources */,
				E49285BD2B3C523500806270 /* MostPopularArticles.swift in Sources */,
				E49285C12B3C523500806270 /* NyTimesMostPopularArticlesTableViewCell.swift in Sources */,
			);
			runOnlyForDeploymentPostprocessing = 0;
		};
		E49285892B3C50FD00806270 /* Sources */ = {
			isa = PBXSourcesBuildPhase;
			buildActionMask = 2147483647;
			files = (
				E49285922B3C50FD00806270 /* MVVMDemoTests.swift in Sources */,
			);
			runOnlyForDeploymentPostprocessing = 0;
		};
/* End PBXSourcesBuildPhase section */

/* Begin PBXTargetDependency section */
		E492858F2B3C50FD00806270 /* PBXTargetDependency */ = {
			isa = PBXTargetDependency;
			target = E49285762B3C50FA00806270 /* MVVMDemo */;
			targetProxy = E492858E2B3C50FD00806270 /* PBXContainerItemProxy */;
		};
/* End PBXTargetDependency section */

/* Begin PBXVariantGroup section */
		E49285802B3C50FA00806270 /* Main.storyboard */ = {
			isa = PBXVariantGroup;
			children = (
				E49285812B3C50FA00806270 /* Base */,
			);
			name = Main.storyboard;
			sourceTree = "<group>";
		};
		E49285852B3C50FD00806270 /* LaunchScreen.storyboard */ = {
			isa = PBXVariantGroup;
			children = (
				E49285862B3C50FD00806270 /* Base */,
			);
			name = LaunchScreen.storyboard;
			sourceTree = "<group>";
		};
/* End PBXVariantGroup section */

/* Begin XCBuildConfiguration section */
		E492859F2B3C50FD00806270 /* Debug */ = {
			isa = XCBuildConfiguration;
			buildSettings = {
				ALWAYS_SEARCH_USER_PATHS = NO;
				CLANG_ANALYZER_NONNULL = YES;
				CLANG_ANALYZER_NUMBER_OBJECT_CONVERSION = YES_AGGRESSIVE;
				CLANG_CXX_LANGUAGE_STANDARD = "gnu++20";
				CLANG_ENABLE_MODULES = YES;
				CLANG_ENABLE_OBJC_ARC = YES;
				CLANG_ENABLE_OBJC_WEAK = YES;
				CLANG_WARN_BLOCK_CAPTURE_AUTORELEASING = YES;
				CLANG_WARN_BOOL_CONVERSION = YES;
				CLANG_WARN_COMMA = YES;
				CLANG_WARN_CONSTANT_CONVERSION = YES;
				CLANG_WARN_DEPRECATED_OBJC_IMPLEMENTATIONS = YES;
				CLANG_WARN_DIRECT_OBJC_ISA_USAGE = YES_ERROR;
				CLANG_WARN_DOCUMENTATION_COMMENTS = YES;
				CLANG_WARN_EMPTY_BODY = YES;
				CLANG_WARN_ENUM_CONVERSION = YES;
				CLANG_WARN_INFINITE_RECURSION = YES;
				CLANG_WARN_INT_CONVERSION = YES;
				CLANG_WARN_NON_LITERAL_NULL_CONVERSION = YES;
				CLANG_WARN_OBJC_IMPLICIT_RETAIN_SELF = YES;
				CLANG_WARN_OBJC_LITERAL_CONVERSION = YES;
				CLANG_WARN_OBJC_ROOT_CLASS = YES_ERROR;
				CLANG_WARN_QUOTED_INCLUDE_IN_FRAMEWORK_HEADER = YES;
				CLANG_WARN_RANGE_LOOP_ANALYSIS = YES;
				CLANG_WARN_STRICT_PROTOTYPES = YES;
				CLANG_WARN_SUSPICIOUS_MOVE = YES;
				CLANG_WARN_UNGUARDED_AVAILABILITY = YES_AGGRESSIVE;
				CLANG_WARN_UNREACHABLE_CODE = YES;
				CLANG_WARN__DUPLICATE_METHOD_MATCH = YES;
				COPY_PHASE_STRIP = NO;
				DEBUG_INFORMATION_FORMAT = dwarf;
				ENABLE_STRICT_OBJC_MSGSEND = YES;
				ENABLE_TESTABILITY = YES;
				GCC_C_LANGUAGE_STANDARD = gnu11;
				GCC_DYNAMIC_NO_PIC = NO;
				GCC_NO_COMMON_BLOCKS = YES;
				GCC_OPTIMIZATION_LEVEL = 0;
				GCC_PREPROCESSOR_DEFINITIONS = (
					"DEBUG=1",
					"$(inherited)",
				);
				GCC_WARN_64_TO_32_BIT_CONVERSION = YES;
				GCC_WARN_ABOUT_RETURN_TYPE = YES_ERROR;
				GCC_WARN_UNDECLARED_SELECTOR = YES;
				GCC_WARN_UNINITIALIZED_AUTOS = YES_AGGRESSIVE;
				GCC_WARN_UNUSED_FUNCTION = YES;
				GCC_WARN_UNUSED_VARIABLE = YES;
				IPHONEOS_DEPLOYMENT_TARGET = 16.1;
				MTL_ENABLE_DEBUG_INFO = INCLUDE_SOURCE;
				MTL_FAST_MATH = YES;
				ONLY_ACTIVE_ARCH = YES;
				SDKROOT = iphoneos;
				SWIFT_ACTIVE_COMPILATION_CONDITIONS = DEBUG;
				SWIFT_OPTIMIZATION_LEVEL = "-Onone";
			};
			name = Debug;
		};
		E49285A02B3C50FD00806270 /* Release */ = {
			isa = XCBuildConfiguration;
			buildSettings = {
				ALWAYS_SEARCH_USER_PATHS = NO;
				CLANG_ANALYZER_NONNULL = YES;
				CLANG_ANALYZER_NUMBER_OBJECT_CONVERSION = YES_AGGRESSIVE;
				CLANG_CXX_LANGUAGE_STANDARD = "gnu++20";
				CLANG_ENABLE_MODULES = YES;
				CLANG_ENABLE_OBJC_ARC = YES;
				CLANG_ENABLE_OBJC_WEAK = YES;
				CLANG_WARN_BLOCK_CAPTURE_AUTORELEASING = YES;
				CLANG_WARN_BOOL_CONVERSION = YES;
				CLANG_WARN_COMMA = YES;
				CLANG_WARN_CONSTANT_CONVERSION = YES;
				CLANG_WARN_DEPRECATED_OBJC_IMPLEMENTATIONS = YES;
				CLANG_WARN_DIRECT_OBJC_ISA_USAGE = YES_ERROR;
				CLANG_WARN_DOCUMENTATION_COMMENTS = YES;
				CLANG_WARN_EMPTY_BODY = YES;
				CLANG_WARN_ENUM_CONVERSION = YES;
				CLANG_WARN_INFINITE_RECURSION = YES;
				CLANG_WARN_INT_CONVERSION = YES;
				CLANG_WARN_NON_LITERAL_NULL_CONVERSION = YES;
				CLANG_WARN_OBJC_IMPLICIT_RETAIN_SELF = YES;
				CLANG_WARN_OBJC_LITERAL_CONVERSION = YES;
				CLANG_WARN_OBJC_ROOT_CLASS = YES_ERROR;
				CLANG_WARN_QUOTED_INCLUDE_IN_FRAMEWORK_HEADER = YES;
				CLANG_WARN_RANGE_LOOP_ANALYSIS = YES;
				CLANG_WARN_STRICT_PROTOTYPES = YES;
				CLANG_WARN_SUSPICIOUS_MOVE = YES;
				CLANG_WARN_UNGUARDED_AVAILABILITY = YES_AGGRESSIVE;
				CLANG_WARN_UNREACHABLE_CODE = YES;
				CLANG_WARN__DUPLICATE_METHOD_MATCH = YES;
				COPY_PHASE_STRIP = NO;
				DEBUG_INFORMATION_FORMAT = "dwarf-with-dsym";
				ENABLE_NS_ASSERTIONS = NO;
				ENABLE_STRICT_OBJC_MSGSEND = YES;
				GCC_C_LANGUAGE_STANDARD = gnu11;
				GCC_NO_COMMON_BLOCKS = YES;
				GCC_WARN_64_TO_32_BIT_CONVERSION = YES;
				GCC_WARN_ABOUT_RETURN_TYPE = YES_ERROR;
				GCC_WARN_UNDECLARED_SELECTOR = YES;
				GCC_WARN_UNINITIALIZED_AUTOS = YES_AGGRESSIVE;
				GCC_WARN_UNUSED_FUNCTION = YES;
				GCC_WARN_UNUSED_VARIABLE = YES;
				IPHONEOS_DEPLOYMENT_TARGET = 16.1;
				MTL_ENABLE_DEBUG_INFO = NO;
				MTL_FAST_MATH = YES;
				SDKROOT = iphoneos;
				SWIFT_COMPILATION_MODE = wholemodule;
				SWIFT_OPTIMIZATION_LEVEL = "-O";
				VALIDATE_PRODUCT = YES;
			};
			name = Release;
		};
		E49285A22B3C50FD00806270 /* Debug */ = {
			isa = XCBuildConfiguration;
			buildSettings = {
				ASSETCATALOG_COMPILER_APPICON_NAME = AppIcon;
				ASSETCATALOG_COMPILER_GLOBAL_ACCENT_COLOR_NAME = AccentColor;
				CODE_SIGN_STYLE = Automatic;
				CURRENT_PROJECT_VERSION = 1;
				GENERATE_INFOPLIST_FILE = YES;
				INFOPLIST_FILE = MVVMDemo/Info.plist;
				INFOPLIST_KEY_UIApplicationSupportsIndirectInputEvents = YES;
				INFOPLIST_KEY_UILaunchStoryboardName = LaunchScreen;
				INFOPLIST_KEY_UIMainStoryboardFile = Main;
				INFOPLIST_KEY_UISupportedInterfaceOrientations_iPad = "UIInterfaceOrientationPortrait UIInterfaceOrientationPortraitUpsideDown UIInterfaceOrientationLandscapeLeft UIInterfaceOrientationLandscapeRight";
				INFOPLIST_KEY_UISupportedInterfaceOrientations_iPhone = "UIInterfaceOrientationPortrait UIInterfaceOrientationLandscapeLeft UIInterfaceOrientationLandscapeRight";
				LD_RUNPATH_SEARCH_PATHS = (
					"$(inherited)",
					"@executable_path/Frameworks",
				);
				MARKETING_VERSION = 1.0;
				PRODUCT_BUNDLE_IDENTIFIER = com.app.MVVMDemo;
				PRODUCT_NAME = "$(TARGET_NAME)";
				SWIFT_EMIT_LOC_STRINGS = YES;
				SWIFT_VERSION = 5.0;
				TARGETED_DEVICE_FAMILY = "1,2";
			};
			name = Debug;
		};
		E49285A32B3C50FD00806270 /* Release */ = {
			isa = XCBuildConfiguration;
			buildSettings = {
				ASSETCATALOG_COMPILER_APPICON_NAME = AppIcon;
				ASSETCATALOG_COMPILER_GLOBAL_ACCENT_COLOR_NAME = AccentColor;
				CODE_SIGN_STYLE = Automatic;
				CURRENT_PROJECT_VERSION = 1;
				GENERATE_INFOPLIST_FILE = YES;
				INFOPLIST_FILE = MVVMDemo/Info.plist;
				INFOPLIST_KEY_UIApplicationSupportsIndirectInputEvents = YES;
				INFOPLIST_KEY_UILaunchStoryboardName = LaunchScreen;
				INFOPLIST_KEY_UIMainStoryboardFile = Main;
				INFOPLIST_KEY_UISupportedInterfaceOrientations_iPad = "UIInterfaceOrientationPortrait UIInterfaceOrientationPortraitUpsideDown UIInterfaceOrientationLandscapeLeft UIInterfaceOrientationLandscapeRight";
				INFOPLIST_KEY_UISupportedInterfaceOrientations_iPhone = "UIInterfaceOrientationPortrait UIInterfaceOrientationLandscapeLeft UIInterfaceOrientationLandscapeRight";
				LD_RUNPATH_SEARCH_PATHS = (
					"$(inherited)",
					"@executable_path/Frameworks",
				);
				MARKETING_VERSION = 1.0;
				PRODUCT_BUNDLE_IDENTIFIER = com.app.MVVMDemo;
				PRODUCT_NAME = "$(TARGET_NAME)";
				SWIFT_EMIT_LOC_STRINGS = YES;
				SWIFT_VERSION = 5.0;
				TARGETED_DEVICE_FAMILY = "1,2";
			};
			name = Release;
		};
		E49285A52B3C50FD00806270 /* Debug */ = {
			isa = XCBuildConfiguration;
			buildSettings = {
				ALWAYS_EMBED_SWIFT_STANDARD_LIBRARIES = YES;
				BUNDLE_LOADER = "$(TEST_HOST)";
				CODE_SIGN_STYLE = Automatic;
				CURRENT_PROJECT_VERSION = 1;
				GENERATE_INFOPLIST_FILE = YES;
				IPHONEOS_DEPLOYMENT_TARGET = 16.1;
				MARKETING_VERSION = 1.0;
				PRODUCT_BUNDLE_IDENTIFIER = com.app.MVVMDemoTests;
				PRODUCT_NAME = "$(TARGET_NAME)";
				SWIFT_EMIT_LOC_STRINGS = NO;
				SWIFT_VERSION = 5.0;
				TARGETED_DEVICE_FAMILY = "1,2";
				TEST_HOST = "$(BUILT_PRODUCTS_DIR)/MVVMDemo.app/$(BUNDLE_EXECUTABLE_FOLDER_PATH)/MVVMDemo";
			};
			name = Debug;
		};
		E49285A62B3C50FD00806270 /* Release */ = {
			isa = XCBuildConfiguration;
			buildSettings = {
				ALWAYS_EMBED_SWIFT_STANDARD_LIBRARIES = YES;
				BUNDLE_LOADER = "$(TEST_HOST)";
				CODE_SIGN_STYLE = Automatic;
				CURRENT_PROJECT_VERSION = 1;
				GENERATE_INFOPLIST_FILE = YES;
				IPHONEOS_DEPLOYMENT_TARGET = 16.1;
				MARKETING_VERSION = 1.0;
				PRODUCT_BUNDLE_IDENTIFIER = com.app.MVVMDemoTests;
				PRODUCT_NAME = "$(TARGET_NAME)";
				SWIFT_EMIT_LOC_STRINGS = NO;
				SWIFT_VERSION = 5.0;
				TARGETED_DEVICE_FAMILY = "1,2";
				TEST_HOST = "$(BUILT_PRODUCTS_DIR)/MVVMDemo.app/$(BUNDLE_EXECUTABLE_FOLDER_PATH)/MVVMDemo";
			};
			name = Release;
		};
/* End XCBuildConfiguration section */

/* Begin XCConfigurationList section */
		E49285722B3C50FA00806270 /* Build configuration list for PBXProject "MVVMDemo" */ = {
			isa = XCConfigurationList;
			buildConfigurations = (
				E492859F2B3C50FD00806270 /* Debug */,
				E49285A02B3C50FD00806270 /* Release */,
			);
			defaultConfigurationIsVisible = 0;
			defaultConfigurationName = Release;
		};
		E49285A12B3C50FD00806270 /* Build configuration list for PBXNativeTarget "MVVMDemo" */ = {
			isa = XCConfigurationList;
			buildConfigurations = (
				E49285A22B3C50FD00806270 /* Debug */,
				E49285A32B3C50FD00806270 /* Release */,
			);
			defaultConfigurationIsVisible = 0;
			defaultConfigurationName = Release;
		};
		E49285A42B3C50FD00806270 /* Build configuration list for PBXNativeTarget "MVVMDemoTests" */ = {
			isa = XCConfigurationList;
			buildConfigurations = (
				E49285A52B3C50FD00806270 /* Debug */,
				E49285A62B3C50FD00806270 /* Release */,
			);
			defaultConfigurationIsVisible = 0;
			defaultConfigurationName = Release;
		};
/* End XCConfigurationList section */

/* Begin XCRemoteSwiftPackageReference section */
		E49285CF2B3C52AF00806270 /* XCRemoteSwiftPackageReference "SDWebImage" */ = {
			isa = XCRemoteSwiftPackageReference;
			repositoryURL = "https://github.com/SDWebImage/SDWebImage.git";
			requirement = {
				branch = master;
				kind = branch;
			};
		};
/* End XCRemoteSwiftPackageReference section */

/* Begin XCSwiftPackageProductDependency section */
		E49285D02B3C52AF00806270 /* SDWebImage */ = {
			isa = XCSwiftPackageProductDependency;
			package = E49285CF2B3C52AF00806270 /* XCRemoteSwiftPackageReference "SDWebImage" */;
			productName = SDWebImage;
		};
		E49285D32B3C531900806270 /* SDWebImage */ = {
			isa = XCSwiftPackageProductDependency;
			package = E49285CF2B3C52AF00806270 /* XCRemoteSwiftPackageReference "SDWebImage" */;
			productName = SDWebImage;
		};
/* End XCSwiftPackageProductDependency section */
	};
	rootObject = E492856F2B3C50FA00806270 /* Project object */;
}
